{
  "name": "cosmos-engine-bridge",
  "version": "0.2.0",
  "lockfileVersion": 3,
  "requires": true,
  "packages": {
    "": {
      "name": "cosmos-engine-bridge",
      "version": "0.2.0",
      "dependencies": {
        "satellite.js": "^5.0.0",
        "ws": "^8.16.0"
      }
    },
    "node_modules/satellite.js": {
      "version": "5.0.0",
      "resolved": "https://registry.npmjs.org/satellite.js/-/satellite.js-5.0.0.tgz",
      "integrity": "sha512-ie3yiJ2LJAJIhVUKdYhgp7V0btXKAMImDjRnuaNfJGl8rjwP2HwVIh4HLFcpiXYEiYwXc5fqh5+yZqCe6KIwWw==",
      "license": "MIT"
    },
    "node_modules/ws": {
      "version": "8.21.3",
      "resolved": "https://registry.npmjs.org/ws/-/ws-8.21.3.tgz",
      "integrity": "sha512-201TZ/kPWxoPr/OKWjquZR1SWKXcvxdH+e1xrx89b3YbmzLMFCLfnaG1HFIgWzJOEWZ7MvpK++odZufgYR50Rw==",
      "license": "MIT",
      "engines": {
        "node": ">=10.0.0"
      },
      "peerDependencies": {
        "bufferutil": "^4.0.1",
        "utf-8-validate": ">=5.0.2"
      },
      "peerDependenciesMeta": {
        "bufferutil": {
          "optional": true
        },
        "utf-8-validate": {
          "optional": true
        }
      }
    }
  }
}
